// !$*UTF8*$!
{
	archiveVersion = 1;
	classes = {
	};
	objectVersion = 50;
	objects = {

/* Begin PBXBuildFile section */
		29BA2EB0B339CF3628CCEB8C /* Pods_PreReactorKit.framework in Frameworks */ = {isa = PBXBuildFile; fileRef = 0CF5A537066D9ACC13558ED2 /* Pods_PreReactorKit.framework */; };
		EA27C11320843F9100EBB268 /* PodFile in Resources */ = {isa = PBXBuildFile; fileRef = EA27C11220843F9000EBB268 /* PodFile */; };
		EA27C1152084412C00EBB268 /* CounterViewController.swift in Sources */ = {isa = PBXBuildFile; fileRef = EA27C1142084412C00EBB268 /* CounterViewController.swift */; };
		EA27C1192084463300EBB268 /* CounterViewReactor.swift in Sources */ = {isa = PBXBuildFile; fileRef = EA27C1182084463300EBB268 /* CounterViewReactor.swift */; };
		EA3713FD208431BA0084DD93 /* AppDelegate.swift in Sources */ = {isa = PBXBuildFile; fileRef = EA3713FC208431BA0084DD93 /* AppDelegate.swift */; };
		EA371402208431BA0084DD93 /* Main.storyboard in Resources */ = {isa = PBXBuildFile; fileRef = EA371400208431BA0084DD93 /* Main.storyboard */; };
		EA371404208431BA0084DD93 /* Assets.xcassets in Resources */ = {isa = PBXBuildFile; fileRef = EA371403208431BA0084DD93 /* Assets.xcassets */; };
		EA371407208431BA0084DD93 /* LaunchScreen.storyboard in Resources */ = {isa = PBXBuildFile; fileRef = EA371405208431BA0084DD93 /* LaunchScreen.storyboard */; };
		EA371412208431BB0084DD93 /* PreReactorKitTests.swift in Sources */ = {isa = PBXBuildFile; fileRef = EA371411208431BB0084DD93 /* PreReactorKitTests.swift */; };
		EA37141D208431BB0084DD93 /* PreReactorKitUITests.swift in Sources */ = {isa = PBXBuildFile; fileRef = EA37141C208431BB0084DD93 /* PreReactorKitUITests.swift */; };
/* End PBXBuildFile section */

/* Begin PBXContainerItemProxy section */
		EA37140E208431BB0084DD93 /* PBXContainerItemProxy */ = {
			isa = PBXContainerItemProxy;
			containerPortal = EA3713F1208431BA0084DD93 /* Project object */;
			proxyType = 1;
			remoteGlobalIDString = EA3713F8208431BA0084DD93;
			remoteInfo = PreReactorKit;
		};
		EA371419208431BB0084DD93 /* PBXContainerItemProxy */ = {
			isa = PBXContainerItemProxy;
			containerPortal = EA3713F1208431BA0084DD93 /* Project object */;
			proxyType = 1;
			remoteGlobalIDString = EA3713F8208431BA0084DD93;
			remoteInfo = PreReactorKit;
		};
/* End PBXContainerItemProxy section */

/* Begin PBXFileReference section */
		0CF5A537066D9ACC13558ED2 /* Pods_PreReactorKit.framework */ = {isa = PBXFileReference; explicitFileType = wrapper.framework; includeInIndex = 0; path = Pods_PreReactorKit.framework; sourceTree = BUILT_PRODUCTS_DIR; };
		0FC20E67E7356E1F14351CC5 /* Pods-PreReactorKit.release.xcconfig */ = {isa = PBXFileReference; includeInIndex = 1; lastKnownFileType = text.xcconfig; name = "Pods-PreReactorKit.release.xcconfig"; path = "Pods/Target Support Files/Pods-PreReactorKit/Pods-PreReactorKit.release.xcconfig"; sourceTree = "<group>"; };
		C857A37654C7575D9A30E313 /* Pods-PreReactorKit.debug.xcconfig */ = {isa = PBXFileReference; includeInIndex = 1; lastKnownFileType = text.xcconfig; name = "Pods-PreReactorKit.debug.xcconfig"; path = "Pods/Target Support Files/Pods-PreReactorKit/Pods-PreReactorKit.debug.xcconfig"; sourceTree = "<group>"; };
		EA27C11220843F9000EBB268 /* PodFile */ = {isa = PBXFileReference; fileEncoding = 4; lastKnownFileType = text; path = PodFile; sourceTree = "<group>"; };
		EA27C1142084412C00EBB268 /* CounterViewController.swift */ = {isa = PBXFileReference; lastKnownFileType = sourcecode.swift; path = CounterViewController.swift; sourceTree = "<group>"; };
		EA27C1182084463300EBB268 /* CounterViewReactor.swift */ = {isa = PBXFileReference; fileEncoding = 4; lastKnownFileType = sourcecode.swift; path = CounterViewReactor.swift; sourceTree = "<group>"; };
		EA3713F9208431BA0084DD93 /* PreReactorKit.app */ = {isa = PBXFileReference; explicitFileType = wrapper.application; includeInIndex = 0; path = PreReactorKit.app; sourceTree = BUILT_PRODUCTS_DIR; };
		EA3713FC208431BA0084DD93 /* AppDelegate.swift */ = {isa = PBXFileReference; lastKnownFileType = sourcecode.swift; path = AppDelegate.swift; sourceTree = "<group>"; };
		EA371401208431BA0084DD93 /* Base */ = {isa = PBXFileReference; lastKnownFileType = file.storyboard; name = Base; path = Base.lproj/Main.storyboard; sourceTree = "<group>"; };
		EA371403208431BA0084DD93 /* Assets.xcassets */ = {isa = PBXFileReference; lastKnownFileType = folder.assetcatalog; path = Assets.xcassets; sourceTree = "<group>"; };
		EA371406208431BA0084DD93 /* Base */ = {isa = PBXFileReference; lastKnownFileType = file.storyboard; name = Base; path = Base.lproj/LaunchScreen.storyboard; sourceTree = "<group>"; };
		EA371408208431BA0084DD93 /* Info.plist */ = {isa = PBXFileReference; lastKnownFileType = text.plist.xml; path = Info.plist; sourceTree = "<group>"; };
		EA37140D208431BB0084DD93 /* PreReactorKitTests.xctest */ = {isa = PBXFileReference; explicitFileType = wrapper.cfbundle; includeInIndex = 0; path = PreReactorKitTests.xctest; sourceTree = BUILT_PRODUCTS_DIR; };
		EA371411208431BB0084DD93 /* PreReactorKitTests.swift */ = {isa = PBXFileReference; lastKnownFileType = sourcecode.swift; path = PreReactorKitTests.swift; sourceTree = "<group>"; };
		EA371413208431BB0084DD93 /* Info.plist */ = {isa = PBXFileReference; lastKnownFileType = text.plist.xml; path = Info.plist; sourceTree = "<group>"; };
		EA371418208431BB0084DD93 /* PreReactorKitUITests.xctest */ = {isa = PBXFileReference; explicitFileType = wrapper.cfbundle; includeInIndex = 0; path = PreReactorKitUITests.xctest; sourceTree = BUILT_PRODUCTS_DIR; };
		EA37141C208431BB0084DD93 /* PreReactorKitUITests.swift */ = {isa = PBXFileReference; lastKnownFileType = sourcecode.swift; path = PreReactorKitUITests.swift; sourceTree = "<group>"; };
		EA37141E208431BB0084DD93 /* Info.plist */ = {isa = PBXFileReference; lastKnownFileType = text.plist.xml; path = Info.plist; sourceTree = "<group>"; };
/* End PBXFileReference section */

/* Begin PBXFrameworksBuildPhase section */
		EA3713F6208431BA0084DD93 /* Frameworks */ = {
			isa = PBXFrameworksBuildPhase;
			buildActionMask = 2147483647;
			files = (
				29BA2EB0B339CF3628CCEB8C /* Pods_PreReactorKit.framework in Frameworks */,
			);
			runOnlyForDeploymentPostprocessing = 0;
		};
		EA37140A208431BB0084DD93 /* Frameworks */ = {
			isa = PBXFrameworksBuildPhase;
			buildActionMask = 2147483647;
			files = (
			);
			runOnlyForDeploymentPostprocessing = 0;
		};
		EA371415208431BB0084DD93 /* Frameworks */ = {
			isa = PBXFrameworksBuildPhase;
			buildActionMask = 2147483647;
			files = (
			);
			runOnlyForDeploymentPostprocessing = 0;
		};
/* End PBXFrameworksBuildPhase section */

/* Begin PBXGroup section */
		379F9CBB90670AE7AC58C4A6 /* Pods */ = {
			isa = PBXGroup;
			children = (
				C857A37654C7575D9A30E313 /* Pods-PreReactorKit.debug.xcconfig */,
				0FC20E67E7356E1F14351CC5 /* Pods-PreReactorKit.release.xcconfig */,
			);
			name = Pods;
			sourceTree = "<group>";
		};
		95BBF1F5A34D31EB98EEFBC4 /* Frameworks */ = {
			isa = PBXGroup;
			children = (
				0CF5A537066D9ACC13558ED2 /* Pods_PreReactorKit.framework */,
			);
			name = Frameworks;
			sourceTree = "<group>";
		};
		EA3713F0208431BA0084DD93 = {
			isa = PBXGroup;
			children = (
				EA3713FB208431BA0084DD93 /* PreReactorKit */,
				EA371410208431BB0084DD93 /* PreReactorKitTests */,
				EA37141B208431BB0084DD93 /* PreReactorKitUITests */,
				EA3713FA208431BA0084DD93 /* Products */,
				EA27C11220843F9000EBB268 /* PodFile */,
				379F9CBB90670AE7AC58C4A6 /* Pods */,
				95BBF1F5A34D31EB98EEFBC4 /* Frameworks */,
			);
			sourceTree = "<group>";
		};
		EA3713FA208431BA0084DD93 /* Products */ = {
			isa = PBXGroup;
			children = (
				EA3713F9208431BA0084DD93 /* PreReactorKit.app */,
				EA37140D208431BB0084DD93 /* PreReactorKitTests.xctest */,
				EA371418208431BB0084DD93 /* PreReactorKitUITests.xctest */,
			);
			name = Products;
			sourceTree = "<group>";
		};
		EA3713FB208431BA0084DD93 /* PreReactorKit */ = {
			isa = PBXGroup;
			children = (
				EA3713FC208431BA0084DD93 /* AppDelegate.swift */,
				EA27C1182084463300EBB268 /* CounterViewReactor.swift */,
				EA27C1142084412C00EBB268 /* CounterViewController.swift */,
				EA371400208431BA0084DD93 /* Main.storyboard */,
				EA371403208431BA0084DD93 /* Assets.xcassets */,
				EA371405208431BA0084DD93 /* LaunchScreen.storyboard */,
				EA371408208431BA0084DD93 /* Info.plist */,
			);
			path = PreReactorKit;
			sourceTree = "<group>";
		};
		EA371410208431BB0084DD93 /* PreReactorKitTests */ = {
			isa = PBXGroup;
			children = (
				EA371411208431BB0084DD93 /* PreReactorKitTests.swift */,
				EA371413208431BB0084DD93 /* Info.plist */,
			);
			path = PreReactorKitTests;
			sourceTree = "<group>";
		};
		EA37141B208431BB0084DD93 /* PreReactorKitUITests */ = {
			isa = PBXGroup;
			children = (
				EA37141C208431BB0084DD93 /* PreReactorKitUITests.swift */,
				EA37141E208431BB0084DD93 /* Info.plist */,
			);
			path = PreReactorKitUITests;
			sourceTree = "<group>";
		};
/* End PBXGroup section */

/* Begin PBXNativeTarget section */
		EA3713F8208431BA0084DD93 /* PreReactorKit */ = {
			isa = PBXNativeTarget;
			buildConfigurationList = EA371421208431BB0084DD93 /* Build configuration list for PBXNativeTarget "PreReactorKit" */;
			buildPhases = (
				7E4CA24BC88F3FE3A1CBB312 /* [CP] Check Pods Manifest.lock */,
				EA3713F5208431BA0084DD93 /* Sources */,
				EA3713F6208431BA0084DD93 /* Frameworks */,
				EA3713F7208431BA0084DD93 /* Resources */,
				5B815FA295949FE28A8A24EE /* [CP] Embed Pods Frameworks */,
			);
			buildRules = (
			);
			dependencies = (
			);
			name = PreReactorKit;
			productName = PreReactorKit;
			productReference = EA3713F9208431BA0084DD93 /* PreReactorKit.app */;
			productType = "com.apple.product-type.application";
		};
		EA37140C208431BB0084DD93 /* PreReactorKitTests */ = {
			isa = PBXNativeTarget;
			buildConfigurationList = EA371424208431BB0084DD93 /* Build configuration list for PBXNativeTarget "PreReactorKitTests" */;
			buildPhases = (
				EA371409208431BB0084DD93 /* Sources */,
				EA37140A208431BB0084DD93 /* Frameworks */,
				EA37140B208431BB0084DD93 /* Resources */,
			);
			buildRules = (
			);
			dependencies = (
				EA37140F208431BB0084DD93 /* PBXTargetDependency */,
			);
			name = PreReactorKitTests;
			productName = PreReactorKitTests;
			productReference = EA37140D208431BB0084DD93 /* PreReactorKitTests.xctest */;
			productType = "com.apple.product-type.bundle.unit-test";
		};
		EA371417208431BB0084DD93 /* PreReactorKitUITests */ = {
			isa = PBXNativeTarget;
			buildConfigurationList = EA371427208431BB0084DD93 /* Build configuration list for PBXNativeTarget "PreReactorKitUITests" */;
			buildPhases = (
				EA371414208431BB0084DD93 /* Sources */,
				EA371415208431BB0084DD93 /* Frameworks */,
				EA371416208431BB0084DD93 /* Resources */,
			);
			buildRules = (
			);
			dependencies = (
				EA37141A208431BB0084DD93 /* PBXTargetDependency */,
			);
			name = PreReactorKitUITests;
			productName = PreReactorKitUITests;
			productReference = EA371418208431BB0084DD93 /* PreReactorKitUITests.xctest */;
			productType = "com.apple.product-type.bundle.ui-testing";
		};
/* End PBXNativeTarget section */

/* Begin PBXProject section */
		EA3713F1208431BA0084DD93 /* Project object */ = {
			isa = PBXProject;
			attributes = {
				LastSwiftUpdateCheck = 0930;
				LastUpgradeCheck = 0930;
				ORGANIZATIONNAME = "Masakazu Sano";
				TargetAttributes = {
					EA3713F8208431BA0084DD93 = {
						CreatedOnToolsVersion = 9.3;
					};
					EA37140C208431BB0084DD93 = {
						CreatedOnToolsVersion = 9.3;
						TestTargetID = EA3713F8208431BA0084DD93;
					};
					EA371417208431BB0084DD93 = {
						CreatedOnToolsVersion = 9.3;
						TestTargetID = EA3713F8208431BA0084DD93;
					};
				};
			};
			buildConfigurationList = EA3713F4208431BA0084DD93 /* Build configuration list for PBXProject "PreReactorKit" */;
			compatibilityVersion = "Xcode 9.3";
			developmentRegion = en;
			hasScannedForEncodings = 0;
			knownRegions = (
				en,
				Base,
			);
			mainGroup = EA3713F0208431BA0084DD93;
			productRefGroup = EA3713FA208431BA0084DD93 /* Products */;
			projectDirPath = "";
			projectRoot = "";
			targets = (
				EA3713F8208431BA0084DD93 /* PreReactorKit */,
				EA37140C208431BB0084DD93 /* PreReactorKitTests */,
				EA371417208431BB0084DD93 /* PreReactorKitUITests */,
			);
		};
/* End PBXProject section */

/* Begin PBXResourcesBuildPhase section */
		EA3713F7208431BA0084DD93 /* Resources */ = {
			isa = PBXResourcesBuildPhase;
			buildActionMask = 2147483647;
			files = (
				EA371407208431BA0084DD93 /* LaunchScreen.storyboard in Resources */,
				EA371404208431BA0084DD93 /* Assets.xcassets in Resources */,
				EA27C11320843F9100EBB268 /* PodFile in Resources */,
				EA371402208431BA0084DD93 /* Main.storyboard in Resources */,
			);
			runOnlyForDeploymentPostprocessing = 0;
		};
		EA37140B208431BB0084DD93 /* Resources */ = {
			isa = PBXResourcesBuildPhase;
			buildActionMask = 2147483647;
			files = (
			);
			runOnlyForDeploymentPostprocessing = 0;
		};
		EA371416208431BB0084DD93 /* Resources */ = {
			isa = PBXResourcesBuildPhase;
			buildActionMask = 2147483647;
			files = (
			);
			runOnlyForDeploymentPostprocessing = 0;
		};
/* End PBXResourcesBuildPhase section */

/* Begin PBXShellScriptBuildPhase section */
		5B815FA295949FE28A8A24EE /* [CP] Embed Pods Frameworks */ = {
			isa = PBXShellScriptBuildPhase;
			buildActionMask = 2147483647;
			files = (
			);
			inputPaths = (
				"${SRCROOT}/Pods/Target Support Files/Pods-PreReactorKit/Pods-PreReactorKit-frameworks.sh",
				"${BUILT_PRODUCTS_DIR}/ReactorKit/ReactorKit.framework",
				"${BUILT_PRODUCTS_DIR}/RxCocoa/RxCocoa.framework",
				"${BUILT_PRODUCTS_DIR}/RxSwift/RxSwift.framework",
			);
			name = "[CP] Embed Pods Frameworks";
			outputPaths = (
				"${TARGET_BUILD_DIR}/${FRAMEWORKS_FOLDER_PATH}/ReactorKit.framework",
				"${TARGET_BUILD_DIR}/${FRAMEWORKS_FOLDER_PATH}/RxCocoa.framework",
				"${TARGET_BUILD_DIR}/${FRAMEWORKS_FOLDER_PATH}/RxSwift.framework",
			);
			runOnlyForDeploymentPostprocessing = 0;
			shellPath = /bin/sh;
			shellScript = "\"${SRCROOT}/Pods/Target Support Files/Pods-PreReactorKit/Pods-PreReactorKit-frameworks.sh\"\n";
			showEnvVarsInLog = 0;
		};
		7E4CA24BC88F3FE3A1CBB312 /* [CP] Check Pods Manifest.lock */ = {
			isa = PBXShellScriptBuildPhase;
			buildActionMask = 2147483647;
			files = (
			);
			inputPaths = (
				"${PODS_PODFILE_DIR_PATH}/Podfile.lock",
				"${PODS_ROOT}/Manifest.lock",
			);
			name = "[CP] Check Pods Manifest.lock";
			outputPaths = (
				"$(DERIVED_FILE_DIR)/Pods-PreReactorKit-checkManifestLockResult.txt",
			);
			runOnlyForDeploymentPostprocessing = 0;
			shellPath = /bin/sh;
			shellScript = "diff \"${PODS_PODFILE_DIR_PATH}/Podfile.lock\" \"${PODS_ROOT}/Manifest.lock\" > /dev/null\nif [ $? != 0 ] ; then\n    # print error to STDERR\n    echo \"error: The sandbox is not in sync with the Podfile.lock. Run 'pod install' or update your CocoaPods installation.\" >&2\n    exit 1\nfi\n# This output is used by Xcode 'outputs' to avoid re-running this script phase.\necho \"SUCCESS\" > \"${SCRIPT_OUTPUT_FILE_0}\"\n";
			showEnvVarsInLog = 0;
		};
/* End PBXShellScriptBuildPhase section */

/* Begin PBXSourcesBuildPhase section */
		EA3713F5208431BA0084DD93 /* Sources */ = {
			isa = PBXSourcesBuildPhase;
			buildActionMask = 2147483647;
			files = (
				EA27C1192084463300EBB268 /* CounterViewReactor.swift in Sources */,
				EA27C1152084412C00EBB268 /* CounterViewController.swift in Sources */,
				EA3713FD208431BA0084DD93 /* AppDelegate.swift in Sources */,
			);
			runOnlyForDeploymentPostprocessing = 0;
		};
		EA371409208431BB0084DD93 /* Sources */ = {
			isa = PBXSourcesBuildPhase;
			buildActionMask = 2147483647;
			files = (
				EA371412208431BB0084DD93 /* PreReactorKitTests.swift in Sources */,
			);
			runOnlyForDeploymentPostprocessing = 0;
		};
		EA371414208431BB0084DD93 /* Sources */ = {
			isa = PBXSourcesBuildPhase;
			buildActionMask = 2147483647;
			files = (
				EA37141D208431BB0084DD93 /* PreReactorKitUITests.swift in Sources */,
			);
			runOnlyForDeploymentPostprocessing = 0;
		};
/* End PBXSourcesBuildPhase section */

/* Begin PBXTargetDependency section */
		EA37140F208431BB0084DD93 /* PBXTargetDependency */ = {
			isa = PBXTargetDependency;
			target = EA3713F8208431BA0084DD93 /* PreReactorKit */;
			targetProxy = EA37140E208431BB0084DD93 /* PBXContainerItemProxy */;
		};
		EA37141A208431BB0084DD93 /* PBXTargetDependency */ = {
			isa = PBXTargetDependency;
			target = EA3713F8208431BA0084DD93 /* PreReactorKit */;
			targetProxy = EA371419208431BB0084DD93 /* PBXContainerItemProxy */;
		};
/* End PBXTargetDependency section */

/* Begin PBXVariantGroup section */
		EA371400208431BA0084DD93 /* Main.storyboard */ = {
			isa = PBXVariantGroup;
			children = (
				EA371401208431BA0084DD93 /* Base */,
			);
			name = Main.storyboard;
			sourceTree = "<group>";
		};
		EA371405208431BA0084DD93 /* LaunchScreen.storyboard */ = {
			isa = PBXVariantGroup;
			children = (
				EA371406208431BA0084DD93 /* Base */,
			);
			name = LaunchScreen.storyboard;
			sourceTree = "<group>";
		};
/* End PBXVariantGroup section */

/* Begin XCBuildConfiguration section */
		EA37141F208431BB0084DD93 /* Debug */ = {
			isa = XCBuildConfiguration;
			buildSettings = {
				ALWAYS_SEARCH_USER_PATHS = NO;
				CLANG_ANALYZER_NONNULL = YES;
				CLANG_ANALYZER_NUMBER_OBJECT_CONVERSION = YES_AGGRESSIVE;
				CLANG_CXX_LANGUAGE_STANDARD = "gnu++14";
				CLANG_CXX_LIBRARY = "libc++";
				CLANG_ENABLE_MODULES = YES;
				CLANG_ENABLE_OBJC_ARC = YES;
				CLANG_ENABLE_OBJC_WEAK = YES;
				CLANG_WARN_BLOCK_CAPTURE_AUTORELEASING = YES;
				CLANG_WARN_BOOL_CONVERSION = YES;
				CLANG_WARN_COMMA = YES;
				CLANG_WARN_CONSTANT_CONVERSION = YES;
				CLANG_WARN_DEPRECATED_OBJC_IMPLEMENTATIONS = YES;
				CLANG_WARN_DIRECT_OBJC_ISA_USAGE = YES_ERROR;
				CLANG_WARN_DOCUMENTATION_COMMENTS = YES;
				CLANG_WARN_EMPTY_BODY = YES;
				CLANG_WARN_ENUM_CONVERSION = YES;
				CLANG_WARN_INFINITE_RECURSION = YES;
				CLANG_WARN_INT_CONVERSION = YES;
				CLANG_WARN_NON_LITERAL_NULL_CONVERSION = YES;
				CLANG_WARN_OBJC_IMPLICIT_RETAIN_SELF = YES;
				CLANG_WARN_OBJC_LITERAL_CONVERSION = YES;
				CLANG_WARN_OBJC_ROOT_CLASS = YES_ERROR;
				CLANG_WARN_RANGE_LOOP_ANALYSIS = YES;
				CLANG_WARN_STRICT_PROTOTYPES = YES;
				CLANG_WARN_SUSPICIOUS_MOVE = YES;
				CLANG_WARN_UNGUARDED_AVAILABILITY = YES_AGGRESSIVE;
				CLANG_WARN_UNREACHABLE_CODE = YES;
				CLANG_WARN__DUPLICATE_METHOD_MATCH = YES;
				CODE_SIGN_IDENTITY = "iPhone Developer";
				COPY_PHASE_STRIP = NO;
				DEBUG_INFORMATION_FORMAT = dwarf;
				ENABLE_STRICT_OBJC_MSGSEND = YES;
				ENABLE_TESTABILITY = YES;
				GCC_C_LANGUAGE_STANDARD = gnu11;
				GCC_DYNAMIC_NO_PIC = NO;
				GCC_NO_COMMON_BLOCKS = YES;
				GCC_OPTIMIZATION_LEVEL = 0;
				GCC_PREPROCESSOR_DEFINITIONS = (
					"DEBUG=1",
					"$(inherited)",
				);
				GCC_WARN_64_TO_32_BIT_CONVERSION = YES;
				GCC_WARN_ABOUT_RETURN_TYPE = YES_ERROR;
				GCC_WARN_UNDECLARED_SELECTOR = YES;
				GCC_WARN_UNINITIALIZED_AUTOS = YES_AGGRESSIVE;
				GCC_WARN_UNUSED_FUNCTION = YES;
				GCC_WARN_UNUSED_VARIABLE = YES;
				IPHONEOS_DEPLOYMENT_TARGET = 11.3;
				MTL_ENABLE_DEBUG_INFO = YES;
				ONLY_ACTIVE_ARCH = YES;
				SDKROOT = iphoneos;
				SWIFT_ACTIVE_COMPILATION_CONDITIONS = DEBUG;
				SWIFT_OPTIMIZATION_LEVEL = "-Onone";
			};
			name = Debug;
		};
		EA371420208431BB0084DD93 /* Release */ = {
			isa = XCBuildConfiguration;
			buildSettings = {
				ALWAYS_SEARCH_USER_PATHS = NO;
				CLANG_ANALYZER_NONNULL = YES;
				CLANG_ANALYZER_NUMBER_OBJECT_CONVERSION = YES_AGGRESSIVE;
				CLANG_CXX_LANGUAGE_STANDARD = "gnu++14";
				CLANG_CXX_LIBRARY = "libc++";
				CLANG_ENABLE_MODULES = YES;
				CLANG_ENABLE_OBJC_ARC = YES;
				CLANG_ENABLE_OBJC_WEAK = YES;
				CLANG_WARN_BLOCK_CAPTURE_AUTORELEASING = YES;
				CLANG_WARN_BOOL_CONVERSION = YES;
				CLANG_WARN_COMMA = YES;
				CLANG_WARN_CONSTANT_CONVERSION = YES;
				CLANG_WARN_DEPRECATED_OBJC_IMPLEMENTATIONS = YES;
				CLANG_WARN_DIRECT_OBJC_ISA_USAGE = YES_ERROR;
				CLANG_WARN_DOCUMENTATION_COMMENTS = YES;
				CLANG_WARN_EMPTY_BODY = YES;
				CLANG_WARN_ENUM_CONVERSION = YES;
				CLANG_WARN_INFINITE_RECURSION = YES;
				CLANG_WARN_INT_CONVERSION = YES;
				CLANG_WARN_NON_LITERAL_NULL_CONVERSION = YES;
				CLANG_WARN_OBJC_IMPLICIT_RETAIN_SELF = YES;
				CLANG_WARN_OBJC_LITERAL_CONVERSION = YES;
				CLANG_WARN_OBJC_ROOT_CLASS = YES_ERROR;
				CLANG_WARN_RANGE_LOOP_ANALYSIS = YES;
				CLANG_WARN_STRICT_PROTOTYPES = YES;
				CLANG_WARN_SUSPICIOUS_MOVE = YES;
				CLANG_WARN_UNGUARDED_AVAILABILITY = YES_AGGRESSIVE;
				CLANG_WARN_UNREACHABLE_CODE = YES;
				CLANG_WARN__DUPLICATE_METHOD_MATCH = YES;
				CODE_SIGN_IDENTITY = "iPhone Developer";
				COPY_PHASE_STRIP = NO;
				DEBUG_INFORMATION_FORMAT = "dwarf-with-dsym";
				ENABLE_NS_ASSERTIONS = NO;
				ENABLE_STRICT_OBJC_MSGSEND = YES;
				GCC_C_LANGUAGE_STANDARD = gnu11;
				GCC_NO_COMMON_BLOCKS = YES;
				GCC_WARN_64_TO_32_BIT_CONVERSION = YES;
				GCC_WARN_ABOUT_RETURN_TYPE = YES_ERROR;
				GCC_WARN_UNDECLARED_SELECTOR = YES;
				GCC_WARN_UNINITIALIZED_AUTOS = YES_AGGRESSIVE;
				GCC_WARN_UNUSED_FUNCTION = YES;
				GCC_WARN_UNUSED_VARIABLE = YES;
				IPHONEOS_DEPLOYMENT_TARGET = 11.3;
				MTL_ENABLE_DEBUG_INFO = NO;
				SDKROOT = iphoneos;
				SWIFT_COMPILATION_MODE = wholemodule;
				SWIFT_OPTIMIZATION_LEVEL = "-O";
				VALIDATE_PRODUCT = YES;
			};
			name = Release;
		};
		EA371422208431BB0084DD93 /* Debug */ = {
			isa = XCBuildConfiguration;
			baseConfigurationReference = C857A37654C7575D9A30E313 /* Pods-PreReactorKit.debug.xcconfig */;
			buildSettings = {
				ASSETCATALOG_COMPILER_APPICON_NAME = AppIcon;
				CODE_SIGN_STYLE = Automatic;
				DEVELOPMENT_TEAM = 3ZMTZ3U33V;
				INFOPLIST_FILE = PreReactorKit/Info.plist;
				LD_RUNPATH_SEARCH_PATHS = (
					"$(inherited)",
					"@executable_path/Frameworks",
				);
				PRODUCT_BUNDLE_IDENTIFIER = cc.ka56cd.PreReactorKit;
				PRODUCT_NAME = "$(TARGET_NAME)";
				SWIFT_VERSION = 4.0;
				TARGETED_DEVICE_FAMILY = "1,2";
			};
			name = Debug;
		};
		EA371423208431BB0084DD93 /* Release */ = {
			isa = XCBuildConfiguration;
			baseConfigurationReference = 0FC20E67E7356E1F14351CC5 /* Pods-PreReactorKit.release.xcconfig */;
			buildSettings = {
				ASSETCATALOG_COMPILER_APPICON_NAME = AppIcon;
				CODE_SIGN_STYLE = Automatic;
				DEVELOPMENT_TEAM = 3ZMTZ3U33V;
				INFOPLIST_FILE = PreReactorKit/Info.plist;
				LD_RUNPATH_SEARCH_PATHS = (
					"$(inherited)",
					"@executable_path/Frameworks",
				);
				PRODUCT_BUNDLE_IDENTIFIER = cc.ka56cd.PreReactorKit;
				PRODUCT_NAME = "$(TARGET_NAME)";
				SWIFT_VERSION = 4.0;
				TARGETED_DEVICE_FAMILY = "1,2";
			};
			name = Release;
		};
		EA371425208431BB0084DD93 /* Debug */ = {
			isa = XCBuildConfiguration;
			buildSettings = {
				ALWAYS_EMBED_SWIFT_STANDARD_LIBRARIES = YES;
				BUNDLE_LOADER = "$(TEST_HOST)";
				CODE_SIGN_STYLE = Automatic;
				DEVELOPMENT_TEAM = 3ZMTZ3U33V;
				INFOPLIST_FILE = PreReactorKitTests/Info.plist;
				LD_RUNPATH_SEARCH_PATHS = (
					"$(inherited)",
					"@executable_path/Frameworks",
					"@loader_path/Frameworks",
				);
				PRODUCT_BUNDLE_IDENTIFIER = cc.ka56cd.PreReactorKitTests;
				PRODUCT_NAME = "$(TARGET_NAME)";
				SWIFT_VERSION = 4.0;
				TARGETED_DEVICE_FAMILY = "1,2";
				TEST_HOST = "$(BUILT_PRODUCTS_DIR)/PreReactorKit.app/PreReactorKit";
			};
			name = Debug;
		};
		EA371426208431BB0084DD93 /* Release */ = {
			isa = XCBuildConfiguration;
			buildSettings = {
				ALWAYS_EMBED_SWIFT_STANDARD_LIBRARIES = YES;
				BUNDLE_LOADER = "$(TEST_HOST)";
				CODE_SIGN_STYLE = Automatic;
				DEVELOPMENT_TEAM = 3ZMTZ3U33V;
				INFOPLIST_FILE = PreReactorKitTests/Info.plist;
				LD_RUNPATH_SEARCH_PATHS = (
					"$(inherited)",
					"@executable_path/Frameworks",
					"@loader_path/Frameworks",
				);
				PRODUCT_BUNDLE_IDENTIFIER = cc.ka56cd.PreReactorKitTests;
				PRODUCT_NAME = "$(TARGET_NAME)";
				SWIFT_VERSION = 4.0;
				TARGETED_DEVICE_FAMILY = "1,2";
				TEST_HOST = "$(BUILT_PRODUCTS_DIR)/PreReactorKit.app/PreReactorKit";
			};
			name = Release;
		};
		EA371428208431BB0084DD93 /* Debug */ = {
			isa = XCBuildConfiguration;
			buildSettings = {
				ALWAYS_EMBED_SWIFT_STANDARD_LIBRARIES = YES;
				CODE_SIGN_STYLE = Automatic;
				DEVELOPMENT_TEAM = 3ZMTZ3U33V;
				INFOPLIST_FILE = PreReactorKitUITests/Info.plist;
				LD_RUNPATH_SEARCH_PATHS = (
					"$(inherited)",
					"@executable_path/Frameworks",
					"@loader_path/Frameworks",
				);
				PRODUCT_BUNDLE_IDENTIFIER = cc.ka56cd.PreReactorKitUITests;
				PRODUCT_NAME = "$(TARGET_NAME)";
				SWIFT_VERSION = 4.0;
				TARGETED_DEVICE_FAMILY = "1,2";
				TEST_TARGET_NAME = PreReactorKit;
			};
			name = Debug;
		};
		EA371429208431BB0084DD93 /* Release */ = {
			isa = XCBuildConfiguration;
			buildSettings = {
				ALWAYS_EMBED_SWIFT_STANDARD_LIBRARIES = YES;
				CODE_SIGN_STYLE = Automatic;
				DEVELOPMENT_TEAM = 3ZMTZ3U33V;
				INFOPLIST_FILE = PreReactorKitUITests/Info.plist;
				LD_RUNPATH_SEARCH_PATHS = (
					"$(inherited)",
					"@executable_path/Frameworks",
					"@loader_path/Frameworks",
				);
				PRODUCT_BUNDLE_IDENTIFIER = cc.ka56cd.PreReactorKitUITests;
				PRODUCT_NAME = "$(TARGET_NAME)";
				SWIFT_VERSION = 4.0;
				TARGETED_DEVICE_FAMILY = "1,2";
				TEST_TARGET_NAME = PreReactorKit;
			};
			name = Release;
		};
/* End XCBuildConfiguration section */

/* Begin XCConfigurationList section */
		EA3713F4208431BA0084DD93 /* Build configuration list for PBXProject "PreReactorKit" */ = {
			isa = XCConfigurationList;
			buildConfigurations = (
				EA37141F208431BB0084DD93 /* Debug */,
				EA371420208431BB0084DD93 /* Release */,
			);
			defaultConfigurationIsVisible = 0;
			defaultConfigurationName = Release;
		};
		EA371421208431BB0084DD93 /* Build configuration list for PBXNativeTarget "PreReactorKit" */ = {
			isa = XCConfigurationList;
			buildConfigurations = (
				EA371422208431BB0084DD93 /* Debug */,
				EA371423208431BB0084DD93 /* Release */,
			);
			defaultConfigurationIsVisible = 0;
			defaultConfigurationName = Release;
		};
		EA371424208431BB0084DD93 /* Build configuration list for PBXNativeTarget "PreReactorKitTests" */ = {
			isa = XCConfigurationList;
			buildConfigurations = (
				EA371425208431BB0084DD93 /* Debug */,
				EA371426208431BB0084DD93 /* Release */,
			);
			defaultConfigurationIsVisible = 0;
			defaultConfigurationName = Release;
		};
		EA371427208431BB0084DD93 /* Build configuration list for PBXNativeTarget "PreReactorKitUITests" */ = {
			isa = XCConfigurationList;
			buildConfigurations = (
				EA371428208431BB0084DD93 /* Debug */,
				EA371429208431BB0084DD93 /* Release */,
			);
			defaultConfigurationIsVisible = 0;
			defaultConfigurationName = Release;
		};
/* End XCConfigurationList section */
	};
	rootObject = EA3713F1208431BA0084DD93 /* Project object */;
}
